// !$*UTF8*$!
{
	archiveVersion = 1;
	classes = {
	};
	objectVersion = 46;
	objects = {

/* Begin PBXBuildFile section */
		33FB77D760B71E8AE4396908 /* Pods_JLProjectFeb17UITests.framework in Frameworks */ = {isa = PBXBuildFile; fileRef = 1C7092378DD467AE9B7AE406 /* Pods_JLProjectFeb17UITests.framework */; };
		65D4009FA2568D4E8B8A9196 /* Pods_JLProjectFeb17Tests.framework in Frameworks */ = {isa = PBXBuildFile; fileRef = 3A662FCE31B084A77989CD5F /* Pods_JLProjectFeb17Tests.framework */; };
		A6C9F29F1E4DDCB600A067C8 /* AppDelegate.swift in Sources */ = {isa = PBXBuildFile; fileRef = A6C9F29E1E4DDCB600A067C8 /* AppDelegate.swift */; };
		A6C9F2A11E4DDCB600A067C8 /* ViewController.swift in Sources */ = {isa = PBXBuildFile; fileRef = A6C9F2A01E4DDCB600A067C8 /* ViewController.swift */; };
		A6C9F2A41E4DDCB600A067C8 /* Main.storyboard in Resources */ = {isa = PBXBuildFile; fileRef = A6C9F2A21E4DDCB600A067C8 /* Main.storyboard */; };
		A6C9F2A61E4DDCB600A067C8 /* Assets.xcassets in Resources */ = {isa = PBXBuildFile; fileRef = A6C9F2A51E4DDCB600A067C8 /* Assets.xcassets */; };
		A6C9F2A91E4DDCB600A067C8 /* LaunchScreen.storyboard in Resources */ = {isa = PBXBuildFile; fileRef = A6C9F2A71E4DDCB600A067C8 /* LaunchScreen.storyboard */; };
		A6C9F2B41E4DDCB600A067C8 /* JLProjectFeb17Tests.swift in Sources */ = {isa = PBXBuildFile; fileRef = A6C9F2B31E4DDCB600A067C8 /* JLProjectFeb17Tests.swift */; };
		A6C9F2BF1E4DDCB600A067C8 /* JLProjectFeb17UITests.swift in Sources */ = {isa = PBXBuildFile; fileRef = A6C9F2BE1E4DDCB600A067C8 /* JLProjectFeb17UITests.swift */; };
		A6C9F2CE1E4DE05800A067C8 /* testProducts.json in Resources */ = {isa = PBXBuildFile; fileRef = A6C9F2CD1E4DE05800A067C8 /* testProducts.json */; };
		A6C9F2D21E4DE19800A067C8 /* ProductOverview.swift in Sources */ = {isa = PBXBuildFile; fileRef = A6C9F2D11E4DE19800A067C8 /* ProductOverview.swift */; };
		A6C9F3801E533BAE00A067C8 /* ProductOverviewJSONDecoder.swift in Sources */ = {isa = PBXBuildFile; fileRef = A6C9F37F1E533BAE00A067C8 /* ProductOverviewJSONDecoder.swift */; };
		A6C9F3821E53443900A067C8 /* testProductsInvalid1.json in Resources */ = {isa = PBXBuildFile; fileRef = A6C9F3811E53443900A067C8 /* testProductsInvalid1.json */; };
		A6C9F3861E53447000A067C8 /* testProductsInvalid2.json in Resources */ = {isa = PBXBuildFile; fileRef = A6C9F3851E53447000A067C8 /* testProductsInvalid2.json */; };
		A6C9F3881E5344A200A067C8 /* testProductsInvalid3.json in Resources */ = {isa = PBXBuildFile; fileRef = A6C9F3871E5344A200A067C8 /* testProductsInvalid3.json */; };
		A6C9F38C1E53497E00A067C8 /* ProductOverviewCollectionViewCell.swift in Sources */ = {isa = PBXBuildFile; fileRef = A6C9F38A1E53497E00A067C8 /* ProductOverviewCollectionViewCell.swift */; };
		A6C9F38D1E53497E00A067C8 /* ProductOverviewCollectionViewCell.xib in Resources */ = {isa = PBXBuildFile; fileRef = A6C9F38B1E53497E00A067C8 /* ProductOverviewCollectionViewCell.xib */; };
		A6C9F38E1E534C2400A067C8 /* testProducts.json in Resources */ = {isa = PBXBuildFile; fileRef = A6C9F2CD1E4DE05800A067C8 /* testProducts.json */; };
		A6C9F3901E53525900A067C8 /* testProductDetail.json in Resources */ = {isa = PBXBuildFile; fileRef = A6C9F38F1E53525900A067C8 /* testProductDetail.json */; };
		A6C9F3921E53527800A067C8 /* ProductDetail.swift in Sources */ = {isa = PBXBuildFile; fileRef = A6C9F3911E53527800A067C8 /* ProductDetail.swift */; };
		A6C9F3941E53627C00A067C8 /* ProductDetailViewController.swift in Sources */ = {isa = PBXBuildFile; fileRef = A6C9F3931E53627C00A067C8 /* ProductDetailViewController.swift */; };
		A6C9F3951E53653100A067C8 /* testProductDetail.json in Resources */ = {isa = PBXBuildFile; fileRef = A6C9F38F1E53525900A067C8 /* testProductDetail.json */; };
		A6C9F39A1E53A64A00A067C8 /* SlideshowTableViewCell.swift in Sources */ = {isa = PBXBuildFile; fileRef = A6C9F3981E53A64A00A067C8 /* SlideshowTableViewCell.swift */; };
		A6C9F39B1E53A64A00A067C8 /* SlideshowTableViewCell.xib in Resources */ = {isa = PBXBuildFile; fileRef = A6C9F3991E53A64A00A067C8 /* SlideshowTableViewCell.xib */; };
		A6C9F39E1E53A79100A067C8 /* ProductDetailPriceAndGuaranteeTableViewCell.swift in Sources */ = {isa = PBXBuildFile; fileRef = A6C9F39C1E53A79100A067C8 /* ProductDetailPriceAndGuaranteeTableViewCell.swift */; };
		A6C9F39F1E53A79100A067C8 /* ProductDetailPriceAndGuaranteeTableViewCell.xib in Resources */ = {isa = PBXBuildFile; fileRef = A6C9F39D1E53A79100A067C8 /* ProductDetailPriceAndGuaranteeTableViewCell.xib */; };
		A6C9F3A21E53A86500A067C8 /* ProductTextTableViewCell.swift in Sources */ = {isa = PBXBuildFile; fileRef = A6C9F3A01E53A86500A067C8 /* ProductTextTableViewCell.swift */; };
		A6C9F3A31E53A86500A067C8 /* ProductTextTableViewCell.xib in Resources */ = {isa = PBXBuildFile; fileRef = A6C9F3A11E53A86500A067C8 /* ProductTextTableViewCell.xib */; };
		A6C9F3A61E53A90A00A067C8 /* ProductFeatureTableViewCell.swift in Sources */ = {isa = PBXBuildFile; fileRef = A6C9F3A41E53A90A00A067C8 /* ProductFeatureTableViewCell.swift */; };
		A6C9F3A71E53A90A00A067C8 /* ProductFeatureTableViewCell.xib in Resources */ = {isa = PBXBuildFile; fileRef = A6C9F3A51E53A90A00A067C8 /* ProductFeatureTableViewCell.xib */; };
		CA5A07774CB08302F2865178 /* Pods_JLProjectFeb17.framework in Frameworks */ = {isa = PBXBuildFile; fileRef = 4EFB9CDA3162BA79EF73E79C /* Pods_JLProjectFeb17.framework */; };
/* End PBXBuildFile section */

/* Begin PBXContainerItemProxy section */
		A6C9F2B01E4DDCB600A067C8 /* PBXContainerItemProxy */ = {
			isa = PBXContainerItemProxy;
			containerPortal = A6C9F2931E4DDCB600A067C8 /* Project object */;
			proxyType = 1;
			remoteGlobalIDString = A6C9F29A1E4DDCB600A067C8;
			remoteInfo = JLProjectFeb17;
		};
		A6C9F2BB1E4DDCB600A067C8 /* PBXContainerItemProxy */ = {
			isa = PBXContainerItemProxy;
			containerPortal = A6C9F2931E4DDCB600A067C8 /* Project object */;
			proxyType = 1;
			remoteGlobalIDString = A6C9F29A1E4DDCB600A067C8;
			remoteInfo = JLProjectFeb17;
		};
/* End PBXContainerItemProxy section */

/* Begin PBXFileReference section */
		1C7092378DD467AE9B7AE406 /* Pods_JLProjectFeb17UITests.framework */ = {isa = PBXFileReference; explicitFileType = wrapper.framework; includeInIndex = 0; path = Pods_JLProjectFeb17UITests.framework; sourceTree = BUILT_PRODUCTS_DIR; };
		2742F3E5D63898A3F6A3214A /* Pods-JLProjectFeb17.release.xcconfig */ = {isa = PBXFileReference; includeInIndex = 1; lastKnownFileType = text.xcconfig; name = "Pods-JLProjectFeb17.release.xcconfig"; path = "Pods/Target Support Files/Pods-JLProjectFeb17/Pods-JLProjectFeb17.release.xcconfig"; sourceTree = "<group>"; };
		2C027473113C4DB52670EBA7 /* Pods-JLProjectFeb17.debug.xcconfig */ = {isa = PBXFileReference; includeInIndex = 1; lastKnownFileType = text.xcconfig; name = "Pods-JLProjectFeb17.debug.xcconfig"; path = "Pods/Target Support Files/Pods-JLProjectFeb17/Pods-JLProjectFeb17.debug.xcconfig"; sourceTree = "<group>"; };
		3A662FCE31B084A77989CD5F /* Pods_JLProjectFeb17Tests.framework */ = {isa = PBXFileReference; explicitFileType = wrapper.framework; includeInIndex = 0; path = Pods_JLProjectFeb17Tests.framework; sourceTree = BUILT_PRODUCTS_DIR; };
		4EFB9CDA3162BA79EF73E79C /* Pods_JLProjectFeb17.framework */ = {isa = PBXFileReference; explicitFileType = wrapper.framework; includeInIndex = 0; path = Pods_JLProjectFeb17.framework; sourceTree = BUILT_PRODUCTS_DIR; };
		A6C9F29B1E4DDCB600A067C8 /* JLProjectFeb17.app */ = {isa = PBXFileReference; explicitFileType = wrapper.application; includeInIndex = 0; path = JLProjectFeb17.app; sourceTree = BUILT_PRODUCTS_DIR; };
		A6C9F29E1E4DDCB600A067C8 /* AppDelegate.swift */ = {isa = PBXFileReference; lastKnownFileType = sourcecode.swift; path = AppDelegate.swift; sourceTree = "<group>"; };
		A6C9F2A01E4DDCB600A067C8 /* ViewController.swift */ = {isa = PBXFileReference; lastKnownFileType = sourcecode.swift; path = ViewController.swift; sourceTree = "<group>"; };
		A6C9F2A31E4DDCB600A067C8 /* Base */ = {isa = PBXFileReference; lastKnownFileType = file.storyboard; name = Base; path = Base.lproj/Main.storyboard; sourceTree = "<group>"; };
		A6C9F2A51E4DDCB600A067C8 /* Assets.xcassets */ = {isa = PBXFileReference; lastKnownFileType = folder.assetcatalog; path = Assets.xcassets; sourceTree = "<group>"; };
		A6C9F2A81E4DDCB600A067C8 /* Base */ = {isa = PBXFileReference; lastKnownFileType = file.storyboard; name = Base; path = Base.lproj/LaunchScreen.storyboard; sourceTree = "<group>"; };
		A6C9F2AA1E4DDCB600A067C8 /* Info.plist */ = {isa = PBXFileReference; lastKnownFileType = text.plist.xml; path = Info.plist; sourceTree = "<group>"; };
		A6C9F2AF1E4DDCB600A067C8 /* JLProjectFeb17Tests.xctest */ = {isa = PBXFileReference; explicitFileType = wrapper.cfbundle; includeInIndex = 0; path = JLProjectFeb17Tests.xctest; sourceTree = BUILT_PRODUCTS_DIR; };
		A6C9F2B31E4DDCB600A067C8 /* JLProjectFeb17Tests.swift */ = {isa = PBXFileReference; lastKnownFileType = sourcecode.swift; path = JLProjectFeb17Tests.swift; sourceTree = "<group>"; };
		A6C9F2B51E4DDCB600A067C8 /* Info.plist */ = {isa = PBXFileReference; lastKnownFileType = text.plist.xml; path = Info.plist; sourceTree = "<group>"; };
		A6C9F2BA1E4DDCB600A067C8 /* JLProjectFeb17UITests.xctest */ = {isa = PBXFileReference; explicitFileType = wrapper.cfbundle; includeInIndex = 0; path = JLProjectFeb17UITests.xctest; sourceTree = BUILT_PRODUCTS_DIR; };
		A6C9F2BE1E4DDCB600A067C8 /* JLProjectFeb17UITests.swift */ = {isa = PBXFileReference; lastKnownFileType = sourcecode.swift; path = JLProjectFeb17UITests.swift; sourceTree = "<group>"; };
		A6C9F2C01E4DDCB600A067C8 /* Info.plist */ = {isa = PBXFileReference; lastKnownFileType = text.plist.xml; path = Info.plist; sourceTree = "<group>"; };
		A6C9F2CD1E4DE05800A067C8 /* testProducts.json */ = {isa = PBXFileReference; fileEncoding = 4; lastKnownFileType = text.json; path = testProducts.json; sourceTree = "<group>"; };
		A6C9F2D11E4DE19800A067C8 /* ProductOverview.swift */ = {isa = PBXFileReference; fileEncoding = 4; lastKnownFileType = sourcecode.swift; path = ProductOverview.swift; sourceTree = "<group>"; };
		A6C9F37F1E533BAE00A067C8 /* ProductOverviewJSONDecoder.swift */ = {isa = PBXFileReference; fileEncoding = 4; lastKnownFileType = sourcecode.swift; path = ProductOverviewJSONDecoder.swift; sourceTree = "<group>"; };
		A6C9F3811E53443900A067C8 /* testProductsInvalid1.json */ = {isa = PBXFileReference; fileEncoding = 4; lastKnownFileType = text.json; path = testProductsInvalid1.json; sourceTree = "<group>"; };
		A6C9F3851E53447000A067C8 /* testProductsInvalid2.json */ = {isa = PBXFileReference; fileEncoding = 4; lastKnownFileType = text.json; path = testProductsInvalid2.json; sourceTree = "<group>"; };
		A6C9F3871E5344A200A067C8 /* testProductsInvalid3.json */ = {isa = PBXFileReference; fileEncoding = 4; lastKnownFileType = text.json; path = testProductsInvalid3.json; sourceTree = "<group>"; };
		A6C9F38A1E53497E00A067C8 /* ProductOverviewCollectionViewCell.swift */ = {isa = PBXFileReference; fileEncoding = 4; lastKnownFileType = sourcecode.swift; path = ProductOverviewCollectionViewCell.swift; sourceTree = "<group>"; };
		A6C9F38B1E53497E00A067C8 /* ProductOverviewCollectionViewCell.xib */ = {isa = PBXFileReference; fileEncoding = 4; lastKnownFileType = file.xib; path = ProductOverviewCollectionViewCell.xib; sourceTree = "<group>"; };
		A6C9F38F1E53525900A067C8 /* testProductDetail.json */ = {isa = PBXFileReference; fileEncoding = 4; lastKnownFileType = text.json; path = testProductDetail.json; sourceTree = "<group>"; };
		A6C9F3911E53527800A067C8 /* ProductDetail.swift */ = {isa = PBXFileReference; fileEncoding = 4; lastKnownFileType = sourcecode.swift; path = ProductDetail.swift; sourceTree = "<group>"; };
		A6C9F3931E53627C00A067C8 /* ProductDetailViewController.swift */ = {isa = PBXFileReference; fileEncoding = 4; lastKnownFileType = sourcecode.swift; path = ProductDetailViewController.swift; sourceTree = "<group>"; };
		A6C9F3981E53A64A00A067C8 /* SlideshowTableViewCell.swift */ = {isa = PBXFileReference; fileEncoding = 4; lastKnownFileType = sourcecode.swift; path = SlideshowTableViewCell.swift; sourceTree = "<group>"; };
		A6C9F3991E53A64A00A067C8 /* SlideshowTableViewCell.xib */ = {isa = PBXFileReference; fileEncoding = 4; lastKnownFileType = file.xib; path = SlideshowTableViewCell.xib; sourceTree = "<group>"; };
		A6C9F39C1E53A79100A067C8 /* ProductDetailPriceAndGuaranteeTableViewCell.swift */ = {isa = PBXFileReference; fileEncoding = 4; lastKnownFileType = sourcecode.swift; path = ProductDetailPriceAndGuaranteeTableViewCell.swift; sourceTree = "<group>"; };
		A6C9F39D1E53A79100A067C8 /* ProductDetailPriceAndGuaranteeTableViewCell.xib */ = {isa = PBXFileReference; fileEncoding = 4; lastKnownFileType = file.xib; path = ProductDetailPriceAndGuaranteeTableViewCell.xib; sourceTree = "<group>"; };
		A6C9F3A01E53A86500A067C8 /* ProductTextTableViewCell.swift */ = {isa = PBXFileReference; fileEncoding = 4; lastKnownFileType = sourcecode.swift; path = ProductTextTableViewCell.swift; sourceTree = "<group>"; };
		A6C9F3A11E53A86500A067C8 /* ProductTextTableViewCell.xib */ = {isa = PBXFileReference; fileEncoding = 4; lastKnownFileType = file.xib; path = ProductTextTableViewCell.xib; sourceTree = "<group>"; };
		A6C9F3A41E53A90A00A067C8 /* ProductFeatureTableViewCell.swift */ = {isa = PBXFileReference; fileEncoding = 4; lastKnownFileType = sourcecode.swift; path = ProductFeatureTableViewCell.swift; sourceTree = "<group>"; };
		A6C9F3A51E53A90A00A067C8 /* ProductFeatureTableViewCell.xib */ = {isa = PBXFileReference; fileEncoding = 4; lastKnownFileType = file.xib; path = ProductFeatureTableViewCell.xib; sourceTree = "<group>"; };
		A75C26972BDAA790DDC89A87 /* Pods-JLProjectFeb17UITests.debug.xcconfig */ = {isa = PBXFileReference; includeInIndex = 1; lastKnownFileType = text.xcconfig; name = "Pods-JLProjectFeb17UITests.debug.xcconfig"; path = "Pods/Target Support Files/Pods-JLProjectFeb17UITests/Pods-JLProjectFeb17UITests.debug.xcconfig"; sourceTree = "<group>"; };
		B320BB260EB99DFFB7A20204 /* Pods-JLProjectFeb17Tests.release.xcconfig */ = {isa = PBXFileReference; includeInIndex = 1; lastKnownFileType = text.xcconfig; name = "Pods-JLProjectFeb17Tests.release.xcconfig"; path = "Pods/Target Support Files/Pods-JLProjectFeb17Tests/Pods-JLProjectFeb17Tests.release.xcconfig"; sourceTree = "<group>"; };
		C912327055A4A49FA8DC4E68 /* Pods-JLProjectFeb17UITests.release.xcconfig */ = {isa = PBXFileReference; includeInIndex = 1; lastKnownFileType = text.xcconfig; name = "Pods-JLProjectFeb17UITests.release.xcconfig"; path = "Pods/Target Support Files/Pods-JLProjectFeb17UITests/Pods-JLProjectFeb17UITests.release.xcconfig"; sourceTree = "<group>"; };
		F3867CFB9D5889E3CB0B776A /* Pods-JLProjectFeb17Tests.debug.xcconfig */ = {isa = PBXFileReference; includeInIndex = 1; lastKnownFileType = text.xcconfig; name = "Pods-JLProjectFeb17Tests.debug.xcconfig"; path = "Pods/Target Support Files/Pods-JLProjectFeb17Tests/Pods-JLProjectFeb17Tests.debug.xcconfig"; sourceTree = "<group>"; };
/* End PBXFileReference section */

/* Begin PBXFrameworksBuildPhase section */
		A6C9F2981E4DDCB600A067C8 /* Frameworks */ = {
			isa = PBXFrameworksBuildPhase;
			buildActionMask = 2147483647;
			files = (
				CA5A07774CB08302F2865178 /* Pods_JLProjectFeb17.framework in Frameworks */,
			);
			runOnlyForDeploymentPostprocessing = 0;
		};
		A6C9F2AC1E4DDCB600A067C8 /* Frameworks */ = {
			isa = PBXFrameworksBuildPhase;
			buildActionMask = 2147483647;
			files = (
				65D4009FA2568D4E8B8A9196 /* Pods_JLProjectFeb17Tests.framework in Frameworks */,
			);
			runOnlyForDeploymentPostprocessing = 0;
		};
		A6C9F2B71E4DDCB600A067C8 /* Frameworks */ = {
			isa = PBXFrameworksBuildPhase;
			buildActionMask = 2147483647;
			files = (
				33FB77D760B71E8AE4396908 /* Pods_JLProjectFeb17UITests.framework in Frameworks */,
			);
			runOnlyForDeploymentPostprocessing = 0;
		};
/* End PBXFrameworksBuildPhase section */

/* Begin PBXGroup section */
		2F6DF50D675AE47E6A86DBE8 /* Frameworks */ = {
			isa = PBXGroup;
			children = (
				4EFB9CDA3162BA79EF73E79C /* Pods_JLProjectFeb17.framework */,
				3A662FCE31B084A77989CD5F /* Pods_JLProjectFeb17Tests.framework */,
				1C7092378DD467AE9B7AE406 /* Pods_JLProjectFeb17UITests.framework */,
			);
			name = Frameworks;
			sourceTree = "<group>";
		};
		A6C9F2921E4DDCB600A067C8 = {
			isa = PBXGroup;
			children = (
				A6C9F29D1E4DDCB600A067C8 /* JLProjectFeb17 */,
				A6C9F2B21E4DDCB600A067C8 /* JLProjectFeb17Tests */,
				A6C9F2BD1E4DDCB600A067C8 /* JLProjectFeb17UITests */,
				A6C9F29C1E4DDCB600A067C8 /* Products */,
				ECB6C88B69143D8E9DE987C6 /* Pods */,
				2F6DF50D675AE47E6A86DBE8 /* Frameworks */,
			);
			sourceTree = "<group>";
		};
		A6C9F29C1E4DDCB600A067C8 /* Products */ = {
			isa = PBXGroup;
			children = (
				A6C9F29B1E4DDCB600A067C8 /* JLProjectFeb17.app */,
				A6C9F2AF1E4DDCB600A067C8 /* JLProjectFeb17Tests.xctest */,
				A6C9F2BA1E4DDCB600A067C8 /* JLProjectFeb17UITests.xctest */,
			);
			name = Products;
			sourceTree = "<group>";
		};
		A6C9F29D1E4DDCB600A067C8 /* JLProjectFeb17 */ = {
			isa = PBXGroup;
			children = (
				A6C9F3891E53491700A067C8 /* Views */,
				A6C9F2D01E4DE17600A067C8 /* App files */,
				A6C9F2CF1E4DE17000A067C8 /* Model */,
			);
			path = JLProjectFeb17;
			sourceTree = "<group>";
		};
		A6C9F2B21E4DDCB600A067C8 /* JLProjectFeb17Tests */ = {
			isa = PBXGroup;
			children = (
				A6C9F2CC1E4DDFE000A067C8 /* Resources */,
				A6C9F2B31E4DDCB600A067C8 /* JLProjectFeb17Tests.swift */,
				A6C9F2B51E4DDCB600A067C8 /* Info.plist */,
			);
			path = JLProjectFeb17Tests;
			sourceTree = "<group>";
		};
		A6C9F2BD1E4DDCB600A067C8 /* JLProjectFeb17UITests */ = {
			isa = PBXGroup;
			children = (
				A6C9F2BE1E4DDCB600A067C8 /* JLProjectFeb17UITests.swift */,
				A6C9F2C01E4DDCB600A067C8 /* Info.plist */,
			);
			path = JLProjectFeb17UITests;
			sourceTree = "<group>";
		};
		A6C9F2CC1E4DDFE000A067C8 /* Resources */ = {
			isa = PBXGroup;
			children = (
				A6C9F2CD1E4DE05800A067C8 /* testProducts.json */,
				A6C9F3811E53443900A067C8 /* testProductsInvalid1.json */,
				A6C9F3851E53447000A067C8 /* testProductsInvalid2.json */,
				A6C9F3871E5344A200A067C8 /* testProductsInvalid3.json */,
				A6C9F38F1E53525900A067C8 /* testProductDetail.json */,
			);
			name = Resources;
			sourceTree = "<group>";
		};
		A6C9F2CF1E4DE17000A067C8 /* Model */ = {
			isa = PBXGroup;
			children = (
				A6C9F2D11E4DE19800A067C8 /* ProductOverview.swift */,
				A6C9F37F1E533BAE00A067C8 /* ProductOverviewJSONDecoder.swift */,
				A6C9F3911E53527800A067C8 /* ProductDetail.swift */,
			);
			name = Model;
			sourceTree = "<group>";
		};
		A6C9F2D01E4DE17600A067C8 /* App files */ = {
			isa = PBXGroup;
			children = (
				A6C9F29E1E4DDCB600A067C8 /* AppDelegate.swift */,
				A6C9F2A21E4DDCB600A067C8 /* Main.storyboard */,
				A6C9F2A51E4DDCB600A067C8 /* Assets.xcassets */,
				A6C9F2A71E4DDCB600A067C8 /* LaunchScreen.storyboard */,
				A6C9F2AA1E4DDCB600A067C8 /* Info.plist */,
			);
			name = "App files";
			sourceTree = "<group>";
		};
		A6C9F3891E53491700A067C8 /* Views */ = {
			isa = PBXGroup;
			children = (
				A6C9F3961E53A3D200A067C8 /* Overview */,
				A6C9F3971E53A3D700A067C8 /* Detail */,
			);
			name = Views;
			sourceTree = "<group>";
		};
		A6C9F3961E53A3D200A067C8 /* Overview */ = {
			isa = PBXGroup;
			children = (
				A6C9F2A01E4DDCB600A067C8 /* ViewController.swift */,
				A6C9F38A1E53497E00A067C8 /* ProductOverviewCollectionViewCell.swift */,
				A6C9F38B1E53497E00A067C8 /* ProductOverviewCollectionViewCell.xib */,
			);
			name = Overview;
			sourceTree = "<group>";
		};
		A6C9F3971E53A3D700A067C8 /* Detail */ = {
			isa = PBXGroup;
			children = (
				A6C9F3931E53627C00A067C8 /* ProductDetailViewController.swift */,
				A6C9F3981E53A64A00A067C8 /* SlideshowTableViewCell.swift */,
				A6C9F3991E53A64A00A067C8 /* SlideshowTableViewCell.xib */,
				A6C9F39C1E53A79100A067C8 /* ProductDetailPriceAndGuaranteeTableViewCell.swift */,
				A6C9F39D1E53A79100A067C8 /* ProductDetailPriceAndGuaranteeTableViewCell.xib */,
				A6C9F3A01E53A86500A067C8 /* ProductTextTableViewCell.swift */,
				A6C9F3A11E53A86500A067C8 /* ProductTextTableViewCell.xib */,
				A6C9F3A41E53A90A00A067C8 /* ProductFeatureTableViewCell.swift */,
				A6C9F3A51E53A90A00A067C8 /* ProductFeatureTableViewCell.xib */,
			);
			name = Detail;
			sourceTree = "<group>";
		};
		ECB6C88B69143D8E9DE987C6 /* Pods */ = {
			isa = PBXGroup;
			children = (
				2C027473113C4DB52670EBA7 /* Pods-JLProjectFeb17.debug.xcconfig */,
				2742F3E5D63898A3F6A3214A /* Pods-JLProjectFeb17.release.xcconfig */,
				F3867CFB9D5889E3CB0B776A /* Pods-JLProjectFeb17Tests.debug.xcconfig */,
				B320BB260EB99DFFB7A20204 /* Pods-JLProjectFeb17Tests.release.xcconfig */,
				A75C26972BDAA790DDC89A87 /* Pods-JLProjectFeb17UITests.debug.xcconfig */,
				C912327055A4A49FA8DC4E68 /* Pods-JLProjectFeb17UITests.release.xcconfig */,
			);
			name = Pods;
			sourceTree = "<group>";
		};
/* End PBXGroup section */

/* Begin PBXNativeTarget section */
		A6C9F29A1E4DDCB600A067C8 /* JLProjectFeb17 */ = {
			isa = PBXNativeTarget;
			buildConfigurationList = A6C9F2C31E4DDCB600A067C8 /* Build configuration list for PBXNativeTarget "JLProjectFeb17" */;
			buildPhases = (
				46E59F8BA3E3C7E260A07014 /* [CP] Check Pods Manifest.lock */,
				A6C9F2971E4DDCB600A067C8 /* Sources */,
				A6C9F2981E4DDCB600A067C8 /* Frameworks */,
				A6C9F2991E4DDCB600A067C8 /* Resources */,
				DC06394D8EC9EEC4E833CFBD /* [CP] Embed Pods Frameworks */,
				9E0BA49E02D143141CCAD815 /* [CP] Copy Pods Resources */,
			);
			buildRules = (
			);
			dependencies = (
			);
			name = JLProjectFeb17;
			productName = JLProjectFeb17;
			productReference = A6C9F29B1E4DDCB600A067C8 /* JLProjectFeb17.app */;
			productType = "com.apple.product-type.application";
		};
		A6C9F2AE1E4DDCB600A067C8 /* JLProjectFeb17Tests */ = {
			isa = PBXNativeTarget;
			buildConfigurationList = A6C9F2C61E4DDCB600A067C8 /* Build configuration list for PBXNativeTarget "JLProjectFeb17Tests" */;
			buildPhases = (
				F4A2ADC3A7ADA3F378D543F4 /* [CP] Check Pods Manifest.lock */,
				A6C9F2AB1E4DDCB600A067C8 /* Sources */,
				A6C9F2AC1E4DDCB600A067C8 /* Frameworks */,
				A6C9F2AD1E4DDCB600A067C8 /* Resources */,
				C47F8BCD9ACF0AB22D1A88A9 /* [CP] Embed Pods Frameworks */,
				7433E77BFF20773F5C7B12A1 /* [CP] Copy Pods Resources */,
			);
			buildRules = (
			);
			dependencies = (
				A6C9F2B11E4DDCB600A067C8 /* PBXTargetDependency */,
			);
			name = JLProjectFeb17Tests;
			productName = JLProjectFeb17Tests;
			productReference = A6C9F2AF1E4DDCB600A067C8 /* JLProjectFeb17Tests.xctest */;
			productType = "com.apple.product-type.bundle.unit-test";
		};
		A6C9F2B91E4DDCB600A067C8 /* JLProjectFeb17UITests */ = {
			isa = PBXNativeTarget;
			buildConfigurationList = A6C9F2C91E4DDCB600A067C8 /* Build configuration list for PBXNativeTarget "JLProjectFeb17UITests" */;
			buildPhases = (
				8AC6D0019923B04939D4B354 /* [CP] Check Pods Manifest.lock */,
				A6C9F2B61E4DDCB600A067C8 /* Sources */,
				A6C9F2B71E4DDCB600A067C8 /* Frameworks */,
				A6C9F2B81E4DDCB600A067C8 /* Resources */,
				7DD8412BF3FF228422234A98 /* [CP] Embed Pods Frameworks */,
				A2B981369902C331D213F36F /* [CP] Copy Pods Resources */,
			);
			buildRules = (
			);
			dependencies = (
				A6C9F2BC1E4DDCB600A067C8 /* PBXTargetDependency */,
			);
			name = JLProjectFeb17UITests;
			productName = JLProjectFeb17UITests;
			productReference = A6C9F2BA1E4DDCB600A067C8 /* JLProjectFeb17UITests.xctest */;
			productType = "com.apple.product-type.bundle.ui-testing";
		};
/* End PBXNativeTarget section */

/* Begin PBXProject section */
		A6C9F2931E4DDCB600A067C8 /* Project object */ = {
			isa = PBXProject;
			attributes = {
				LastSwiftUpdateCheck = 0820;
				LastUpgradeCheck = 0820;
				ORGANIZATIONNAME = "Nigel Grange";
				TargetAttributes = {
					A6C9F29A1E4DDCB600A067C8 = {
						CreatedOnToolsVersion = 8.2.1;
						DevelopmentTeam = DRBW85JJ3B;
						ProvisioningStyle = Automatic;
					};
					A6C9F2AE1E4DDCB600A067C8 = {
						CreatedOnToolsVersion = 8.2.1;
						DevelopmentTeam = DRBW85JJ3B;
						ProvisioningStyle = Automatic;
						TestTargetID = A6C9F29A1E4DDCB600A067C8;
					};
					A6C9F2B91E4DDCB600A067C8 = {
						CreatedOnToolsVersion = 8.2.1;
						DevelopmentTeam = DRBW85JJ3B;
						ProvisioningStyle = Automatic;
						TestTargetID = A6C9F29A1E4DDCB600A067C8;
					};
				};
			};
			buildConfigurationList = A6C9F2961E4DDCB600A067C8 /* Build configuration list for PBXProject "JLProjectFeb17" */;
			compatibilityVersion = "Xcode 3.2";
			developmentRegion = English;
			hasScannedForEncodings = 0;
			knownRegions = (
				en,
				Base,
			);
			mainGroup = A6C9F2921E4DDCB600A067C8;
			productRefGroup = A6C9F29C1E4DDCB600A067C8 /* Products */;
			projectDirPath = "";
			projectRoot = "";
			targets = (
				A6C9F29A1E4DDCB600A067C8 /* JLProjectFeb17 */,
				A6C9F2AE1E4DDCB600A067C8 /* JLProjectFeb17Tests */,
				A6C9F2B91E4DDCB600A067C8 /* JLProjectFeb17UITests */,
			);
		};
/* End PBXProject section */

/* Begin PBXResourcesBuildPhase section */
		A6C9F2991E4DDCB600A067C8 /* Resources */ = {
			isa = PBXResourcesBuildPhase;
			buildActionMask = 2147483647;
			files = (
				A6C9F3951E53653100A067C8 /* testProductDetail.json in Resources */,
				A6C9F39F1E53A79100A067C8 /* ProductDetailPriceAndGuaranteeTableViewCell.xib in Resources */,
				A6C9F2A91E4DDCB600A067C8 /* LaunchScreen.storyboard in Resources */,
				A6C9F38E1E534C2400A067C8 /* testProducts.json in Resources */,
				A6C9F39B1E53A64A00A067C8 /* SlideshowTableViewCell.xib in Resources */,
				A6C9F3A31E53A86500A067C8 /* ProductTextTableViewCell.xib in Resources */,
				A6C9F3A71E53A90A00A067C8 /* ProductFeatureTableViewCell.xib in Resources */,
				A6C9F38D1E53497E00A067C8 /* ProductOverviewCollectionViewCell.xib in Resources */,
				A6C9F2A61E4DDCB600A067C8 /* Assets.xcassets in Resources */,
				A6C9F2A41E4DDCB600A067C8 /* Main.storyboard in Resources */,
			);
			runOnlyForDeploymentPostprocessing = 0;
		};
		A6C9F2AD1E4DDCB600A067C8 /* Resources */ = {
			isa = PBXResourcesBuildPhase;
			buildActionMask = 2147483647;
			files = (
				A6C9F2CE1E4DE05800A067C8 /* testProducts.json in Resources */,
				A6C9F3861E53447000A067C8 /* testProductsInvalid2.json in Resources */,
				A6C9F3821E53443900A067C8 /* testProductsInvalid1.json in Resources */,
				A6C9F3881E5344A200A067C8 /* testProductsInvalid3.json in Resources */,
				A6C9F3901E53525900A067C8 /* testProductDetail.json in Resources */,
			);
			runOnlyForDeploymentPostprocessing = 0;
		};
		A6C9F2B81E4DDCB600A067C8 /* Resources */ = {
			isa = PBXResourcesBuildPhase;
			buildActionMask = 2147483647;
			files = (
			);
			runOnlyForDeploymentPostprocessing = 0;
		};
/* End PBXResourcesBuildPhase section */

/* Begin PBXShellScriptBuildPhase section */
		46E59F8BA3E3C7E260A07014 /* [CP] Check Pods Manifest.lock */ = {
			isa = PBXShellScriptBuildPhase;
			buildActionMask = 2147483647;
			files = (
			);
			inputPaths = (
			);
			name = "[CP] Check Pods Manifest.lock";
			outputPaths = (
			);
			runOnlyForDeploymentPostprocessing = 0;
			shellPath = /bin/sh;
			shellScript = "diff \"${PODS_ROOT}/../Podfile.lock\" \"${PODS_ROOT}/Manifest.lock\" > /dev/null\nif [ $? != 0 ] ; then\n    # print error to STDERR\n    echo \"error: The sandbox is not in sync with the Podfile.lock. Run 'pod install' or update your CocoaPods installation.\" >&2\n    exit 1\nfi\n";
			showEnvVarsInLog = 0;
		};
		7433E77BFF20773F5C7B12A1 /* [CP] Copy Pods Resources */ = {
			isa = PBXShellScriptBuildPhase;
			buildActionMask = 2147483647;
			files = (
			);
			inputPaths = (
			);
			name = "[CP] Copy Pods Resources";
			outputPaths = (
			);
			runOnlyForDeploymentPostprocessing = 0;
			shellPath = /bin/sh;
			shellScript = "\"${SRCROOT}/Pods/Target Support Files/Pods-JLProjectFeb17Tests/Pods-JLProjectFeb17Tests-resources.sh\"\n";
			showEnvVarsInLog = 0;
		};
		7DD8412BF3FF228422234A98 /* [CP] Embed Pods Frameworks */ = {
			isa = PBXShellScriptBuildPhase;
			buildActionMask = 2147483647;
			files = (
			);
			inputPaths = (
			);
			name = "[CP] Embed Pods Frameworks";
			outputPaths = (
			);
			runOnlyForDeploymentPostprocessing = 0;
			shellPath = /bin/sh;
			shellScript = "\"${SRCROOT}/Pods/Target Support Files/Pods-JLProjectFeb17UITests/Pods-JLProjectFeb17UITests-frameworks.sh\"\n";
			showEnvVarsInLog = 0;
		};
		8AC6D0019923B04939D4B354 /* [CP] Check Pods Manifest.lock */ = {
			isa = PBXShellScriptBuildPhase;
			buildActionMask = 2147483647;
			files = (
			);
			inputPaths = (
			);
			name = "[CP] Check Pods Manifest.lock";
			outputPaths = (
			);
			runOnlyForDeploymentPostprocessing = 0;
			shellPath = /bin/sh;
			shellScript = "diff \"${PODS_ROOT}/../Podfile.lock\" \"${PODS_ROOT}/Manifest.lock\" > /dev/null\nif [ $? != 0 ] ; then\n    # print error to STDERR\n    echo \"error: The sandbox is not in sync with the Podfile.lock. Run 'pod install' or update your CocoaPods installation.\" >&2\n    exit 1\nfi\n";
			showEnvVarsInLog = 0;
		};
		9E0BA49E02D143141CCAD815 /* [CP] Copy Pods Resources */ = {
			isa = PBXShellScriptBuildPhase;
			buildActionMask = 2147483647;
			files = (
			);
			inputPaths = (
			);
			name = "[CP] Copy Pods Resources";
			outputPaths = (
			);
			runOnlyForDeploymentPostprocessing = 0;
			shellPath = /bin/sh;
			shellScript = "\"${SRCROOT}/Pods/Target Support Files/Pods-JLProjectFeb17/Pods-JLProjectFeb17-resources.sh\"\n";
			showEnvVarsInLog = 0;
		};
		A2B981369902C331D213F36F /* [CP] Copy Pods Resources */ = {
			isa = PBXShellScriptBuildPhase;
			buildActionMask = 2147483647;
			files = (
			);
			inputPaths = (
			);
			name = "[CP] Copy Pods Resources";
			outputPaths = (
			);
			runOnlyForDeploymentPostprocessing = 0;
			shellPath = /bin/sh;
			shellScript = "\"${SRCROOT}/Pods/Target Support Files/Pods-JLProjectFeb17UITests/Pods-JLProjectFeb17UITests-resources.sh\"\n";
			showEnvVarsInLog = 0;
		};
		C47F8BCD9ACF0AB22D1A88A9 /* [CP] Embed Pods Frameworks */ = {
			isa = PBXShellScriptBuildPhase;
			buildActionMask = 2147483647;
			files = (
			);
			inputPaths = (
			);
			name = "[CP] Embed Pods Frameworks";
			outputPaths = (
			);
			runOnlyForDeploymentPostprocessing = 0;
			shellPath = /bin/sh;
			shellScript = "\"${SRCROOT}/Pods/Target Support Files/Pods-JLProjectFeb17Tests/Pods-JLProjectFeb17Tests-frameworks.sh\"\n";
			showEnvVarsInLog = 0;
		};
		DC06394D8EC9EEC4E833CFBD /* [CP] Embed Pods Frameworks */ = {
			isa = PBXShellScriptBuildPhase;
			buildActionMask = 2147483647;
			files = (
			);
			inputPaths = (
			);
			name = "[CP] Embed Pods Frameworks";
			outputPaths = (
			);
			runOnlyForDeploymentPostprocessing = 0;
			shellPath = /bin/sh;
			shellScript = "\"${SRCROOT}/Pods/Target Support Files/Pods-JLProjectFeb17/Pods-JLProjectFeb17-frameworks.sh\"\n";
			showEnvVarsInLog = 0;
		};
		F4A2ADC3A7ADA3F378D543F4 /* [CP] Check Pods Manifest.lock */ = {
			isa = PBXShellScriptBuildPhase;
			buildActionMask = 2147483647;
			files = (
			);
			inputPaths = (
			);
			name = "[CP] Check Pods Manifest.lock";
			outputPaths = (
			);
			runOnlyForDeploymentPostprocessing = 0;
			shellPath = /bin/sh;
			shellScript = "diff \"${PODS_ROOT}/../Podfile.lock\" \"${PODS_ROOT}/Manifest.lock\" > /dev/null\nif [ $? != 0 ] ; then\n    # print error to STDERR\n    echo \"error: The sandbox is not in sync with the Podfile.lock. Run 'pod install' or update your CocoaPods installation.\" >&2\n    exit 1\nfi\n";
			showEnvVarsInLog = 0;
		};
/* End PBXShellScriptBuildPhase section */

/* Begin PBXSourcesBuildPhase section */
		A6C9F2971E4DDCB600A067C8 /* Sources */ = {
			isa = PBXSourcesBuildPhase;
			buildActionMask = 2147483647;
			files = (
				A6C9F2D21E4DE19800A067C8 /* ProductOverview.swift in Sources */,
				A6C9F2A11E4DDCB600A067C8 /* ViewController.swift in Sources */,
				A6C9F3941E53627C00A067C8 /* ProductDetailViewController.swift in Sources */,
				A6C9F39E1E53A79100A067C8 /* ProductDetailPriceAndGuaranteeTableViewCell.swift in Sources */,
				A6C9F3A61E53A90A00A067C8 /* ProductFeatureTableViewCell.swift in Sources */,
				A6C9F3921E53527800A067C8 /* ProductDetail.swift in Sources */,
				A6C9F39A1E53A64A00A067C8 /* SlideshowTableViewCell.swift in Sources */,
				A6C9F3A21E53A86500A067C8 /* ProductTextTableViewCell.swift in Sources */,
				A6C9F3801E533BAE00A067C8 /* ProductOverviewJSONDecoder.swift in Sources */,
				A6C9F29F1E4DDCB600A067C8 /* AppDelegate.swift in Sources */,
				A6C9F38C1E53497E00A067C8 /* ProductOverviewCollectionViewCell.swift in Sources */,
			);
			runOnlyForDeploymentPostprocessing = 0;
		};
		A6C9F2AB1E4DDCB600A067C8 /* Sources */ = {
			isa = PBXSourcesBuildPhase;
			buildActionMask = 2147483647;
			files = (
				A6C9F2B41E4DDCB600A067C8 /* JLProjectFeb17Tests.swift in Sources */,
			);
			runOnlyForDeploymentPostprocessing = 0;
		};
		A6C9F2B61E4DDCB600A067C8 /* Sources */ = {
			isa = PBXSourcesBuildPhase;
			buildActionMask = 2147483647;
			files = (
				A6C9F2BF1E4DDCB600A067C8 /* JLProjectFeb17UITests.swift in Sources */,
			);
			runOnlyForDeploymentPostprocessing = 0;
		};
/* End PBXSourcesBuildPhase section */

/* Begin PBXTargetDependency section */
		A6C9F2B11E4DDCB600A067C8 /* PBXTargetDependency */ = {
			isa = PBXTargetDependency;
			target = A6C9F29A1E4DDCB600A067C8 /* JLProjectFeb17 */;
			targetProxy = A6C9F2B01E4DDCB600A067C8 /* PBXContainerItemProxy */;
		};
		A6C9F2BC1E4DDCB600A067C8 /* PBXTargetDependency */ = {
			isa = PBXTargetDependency;
			target = A6C9F29A1E4DDCB600A067C8 /* JLProjectFeb17 */;
			targetProxy = A6C9F2BB1E4DDCB600A067C8 /* PBXContainerItemProxy */;
		};
/* End PBXTargetDependency section */

/* Begin PBXVariantGroup section */
		A6C9F2A21E4DDCB600A067C8 /* Main.storyboard */ = {
			isa = PBXVariantGroup;
			children = (
				A6C9F2A31E4DDCB600A067C8 /* Base */,
			);
			name = Main.storyboard;
			sourceTree = "<group>";
		};
		A6C9F2A71E4DDCB600A067C8 /* LaunchScreen.storyboard */ = {
			isa = PBXVariantGroup;
			children = (
				A6C9F2A81E4DDCB600A067C8 /* Base */,
			);
			name = LaunchScreen.storyboard;
			sourceTree = "<group>";
		};
/* End PBXVariantGroup section */

/* Begin XCBuildConfiguration section */
		A6C9F2C11E4DDCB600A067C8 /* Debug */ = {
			isa = XCBuildConfiguration;
			buildSettings = {
				ALWAYS_SEARCH_USER_PATHS = NO;
				CLANG_ANALYZER_NONNULL = YES;
				CLANG_CXX_LANGUAGE_STANDARD = "gnu++0x";
				CLANG_CXX_LIBRARY = "libc++";
				CLANG_ENABLE_MODULES = YES;
				CLANG_ENABLE_OBJC_ARC = YES;
				CLANG_WARN_BOOL_CONVERSION = YES;
				CLANG_WARN_CONSTANT_CONVERSION = YES;
				CLANG_WARN_DIRECT_OBJC_ISA_USAGE = YES_ERROR;
				CLANG_WARN_DOCUMENTATION_COMMENTS = YES;
				CLANG_WARN_EMPTY_BODY = YES;
				CLANG_WARN_ENUM_CONVERSION = YES;
				CLANG_WARN_INFINITE_RECURSION = YES;
				CLANG_WARN_INT_CONVERSION = YES;
				CLANG_WARN_OBJC_ROOT_CLASS = YES_ERROR;
				CLANG_WARN_SUSPICIOUS_MOVE = YES;
				CLANG_WARN_UNREACHABLE_CODE = YES;
				CLANG_WARN__DUPLICATE_METHOD_MATCH = YES;
				"CODE_SIGN_IDENTITY[sdk=iphoneos*]" = "iPhone Developer";
				COPY_PHASE_STRIP = NO;
				DEBUG_INFORMATION_FORMAT = dwarf;
				ENABLE_STRICT_OBJC_MSGSEND = YES;
				ENABLE_TESTABILITY = YES;
				GCC_C_LANGUAGE_STANDARD = gnu99;
				GCC_DYNAMIC_NO_PIC = NO;
				GCC_NO_COMMON_BLOCKS = YES;
				GCC_OPTIMIZATION_LEVEL = 0;
				GCC_PREPROCESSOR_DEFINITIONS = (
					"DEBUG=1",
					"$(inherited)",
				);
				GCC_WARN_64_TO_32_BIT_CONVERSION = YES;
				GCC_WARN_ABOUT_RETURN_TYPE = YES_ERROR;
				GCC_WARN_UNDECLARED_SELECTOR = YES;
				GCC_WARN_UNINITIALIZED_AUTOS = YES_AGGRESSIVE;
				GCC_WARN_UNUSED_FUNCTION = YES;
				GCC_WARN_UNUSED_VARIABLE = YES;
				IPHONEOS_DEPLOYMENT_TARGET = 10.2;
				MTL_ENABLE_DEBUG_INFO = YES;
				ONLY_ACTIVE_ARCH = YES;
				SDKROOT = iphoneos;
				SWIFT_ACTIVE_COMPILATION_CONDITIONS = DEBUG;
				SWIFT_OPTIMIZATION_LEVEL = "-Onone";
				TARGETED_DEVICE_FAMILY = "1,2";
			};
			name = Debug;
		};
		A6C9F2C21E4DDCB600A067C8 /* Release */ = {
			isa = XCBuildConfiguration;
			buildSettings = {
				ALWAYS_SEARCH_USER_PATHS = NO;
				CLANG_ANALYZER_NONNULL = YES;
				CLANG_CXX_LANGUAGE_STANDARD = "gnu++0x";
				CLANG_CXX_LIBRARY = "libc++";
				CLANG_ENABLE_MODULES = YES;
				CLANG_ENABLE_OBJC_ARC = YES;
				CLANG_WARN_BOOL_CONVERSION = YES;
				CLANG_WARN_CONSTANT_CONVERSION = YES;
				CLANG_WARN_DIRECT_OBJC_ISA_USAGE = YES_ERROR;
				CLANG_WARN_DOCUMENTATION_COMMENTS = YES;
				CLANG_WARN_EMPTY_BODY = YES;
				CLANG_WARN_ENUM_CONVERSION = YES;
				CLANG_WARN_INFINITE_RECURSION = YES;
				CLANG_WARN_INT_CONVERSION = YES;
				CLANG_WARN_OBJC_ROOT_CLASS = YES_ERROR;
				CLANG_WARN_SUSPICIOUS_MOVE = YES;
				CLANG_WARN_UNREACHABLE_CODE = YES;
				CLANG_WARN__DUPLICATE_METHOD_MATCH = YES;
				"CODE_SIGN_IDENTITY[sdk=iphoneos*]" = "iPhone Developer";
				COPY_PHASE_STRIP = NO;
				DEBUG_INFORMATION_FORMAT = "dwarf-with-dsym";
				ENABLE_NS_ASSERTIONS = NO;
				ENABLE_STRICT_OBJC_MSGSEND = YES;
				GCC_C_LANGUAGE_STANDARD = gnu99;
				GCC_NO_COMMON_BLOCKS = YES;
				GCC_WARN_64_TO_32_BIT_CONVERSION = YES;
				GCC_WARN_ABOUT_RETURN_TYPE = YES_ERROR;
				GCC_WARN_UNDECLARED_SELECTOR = YES;
				GCC_WARN_UNINITIALIZED_AUTOS = YES_AGGRESSIVE;
				GCC_WARN_UNUSED_FUNCTION = YES;
				GCC_WARN_UNUSED_VARIABLE = YES;
				IPHONEOS_DEPLOYMENT_TARGET = 10.2;
				MTL_ENABLE_DEBUG_INFO = NO;
				SDKROOT = iphoneos;
				SWIFT_OPTIMIZATION_LEVEL = "-Owholemodule";
				TARGETED_DEVICE_FAMILY = "1,2";
				VALIDATE_PRODUCT = YES;
			};
			name = Release;
		};
		A6C9F2C41E4DDCB600A067C8 /* Debug */ = {
			isa = XCBuildConfiguration;
			baseConfigurationReference = 2C027473113C4DB52670EBA7 /* Pods-JLProjectFeb17.debug.xcconfig */;
			buildSettings = {
				ASSETCATALOG_COMPILER_APPICON_NAME = AppIcon;
				DEVELOPMENT_TEAM = DRBW85JJ3B;
				INFOPLIST_FILE = JLProjectFeb17/Info.plist;
				LD_RUNPATH_SEARCH_PATHS = "$(inherited) @executable_path/Frameworks";
				PRODUCT_BUNDLE_IDENTIFIER = uk.co.wildpalm.JLProjectFeb17;
				PRODUCT_NAME = "$(TARGET_NAME)";
				SWIFT_VERSION = 3.0;
			};
			name = Debug;
		};
		A6C9F2C51E4DDCB600A067C8 /* Release */ = {
			isa = XCBuildConfiguration;
			baseConfigurationReference = 2742F3E5D63898A3F6A3214A /* Pods-JLProjectFeb17.release.xcconfig */;
			buildSettings = {
				ASSETCATALOG_COMPILER_APPICON_NAME = AppIcon;
				DEVELOPMENT_TEAM = DRBW85JJ3B;
				INFOPLIST_FILE = JLProjectFeb17/Info.plist;
				LD_RUNPATH_SEARCH_PATHS = "$(inherited) @executable_path/Frameworks";
				PRODUCT_BUNDLE_IDENTIFIER = uk.co.wildpalm.JLProjectFeb17;
				PRODUCT_NAME = "$(TARGET_NAME)";
				SWIFT_VERSION = 3.0;
			};
			name = Release;
		};
		A6C9F2C71E4DDCB600A067C8 /* Debug */ = {
			isa = XCBuildConfiguration;
			baseConfigurationReference = F3867CFB9D5889E3CB0B776A /* Pods-JLProjectFeb17Tests.debug.xcconfig */;
			buildSettings = {
				ALWAYS_EMBED_SWIFT_STANDARD_LIBRARIES = YES;
				BUNDLE_LOADER = "$(TEST_HOST)";
				DEVELOPMENT_TEAM = DRBW85JJ3B;
				INFOPLIST_FILE = JLProjectFeb17Tests/Info.plist;
				LD_RUNPATH_SEARCH_PATHS = "$(inherited) @executable_path/Frameworks @loader_path/Frameworks";
				PRODUCT_BUNDLE_IDENTIFIER = uk.co.wildpalm.JLProjectFeb17Tests;
				PRODUCT_NAME = "$(TARGET_NAME)";
				SWIFT_VERSION = 3.0;
				TEST_HOST = "$(BUILT_PRODUCTS_DIR)/JLProjectFeb17.app/JLProjectFeb17";
			};
			name = Debug;
		};
		A6C9F2C81E4DDCB600A067C8 /* Release */ = {
			isa = XCBuildConfiguration;
			baseConfigurationReference = B320BB260EB99DFFB7A20204 /* Pods-JLProjectFeb17Tests.release.xcconfig */;
			buildSettings = {
				ALWAYS_EMBED_SWIFT_STANDARD_LIBRARIES = YES;
				BUNDLE_LOADER = "$(TEST_HOST)";
				DEVELOPMENT_TEAM = DRBW85JJ3B;
				INFOPLIST_FILE = JLProjectFeb17Tests/Info.plist;
				LD_RUNPATH_SEARCH_PATHS = "$(inherited) @executable_path/Frameworks @loader_path/Frameworks";
				PRODUCT_BUNDLE_IDENTIFIER = uk.co.wildpalm.JLProjectFeb17Tests;
				PRODUCT_NAME = "$(TARGET_NAME)";
				SWIFT_VERSION = 3.0;
				TEST_HOST = "$(BUILT_PRODUCTS_DIR)/JLProjectFeb17.app/JLProjectFeb17";
			};
			name = Release;
		};
		A6C9F2CA1E4DDCB600A067C8 /* Debug */ = {
			isa = XCBuildConfiguration;
			baseConfigurationReference = A75C26972BDAA790DDC89A87 /* Pods-JLProjectFeb17UITests.debug.xcconfig */;
			buildSettings = {
				ALWAYS_EMBED_SWIFT_STANDARD_LIBRARIES = YES;
				DEVELOPMENT_TEAM = DRBW85JJ3B;
				INFOPLIST_FILE = JLProjectFeb17UITests/Info.plist;
				LD_RUNPATH_SEARCH_PATHS = "$(inherited) @executable_path/Frameworks @loader_path/Frameworks";
				PRODUCT_BUNDLE_IDENTIFIER = uk.co.wildpalm.JLProjectFeb17UITests;
				PRODUCT_NAME = "$(TARGET_NAME)";
				SWIFT_VERSION = 3.0;
				TEST_TARGET_NAME = JLProjectFeb17;
			};
			name = Debug;
		};
		A6C9F2CB1E4DDCB600A067C8 /* Release */ = {
			isa = XCBuildConfiguration;
			baseConfigurationReference = C912327055A4A49FA8DC4E68 /* Pods-JLProjectFeb17UITests.release.xcconfig */;
			buildSettings = {
				ALWAYS_EMBED_SWIFT_STANDARD_LIBRARIES = YES;
				DEVELOPMENT_TEAM = DRBW85JJ3B;
				INFOPLIST_FILE = JLProjectFeb17UITests/Info.plist;
				LD_RUNPATH_SEARCH_PATHS = "$(inherited) @executable_path/Frameworks @loader_path/Frameworks";
				PRODUCT_BUNDLE_IDENTIFIER = uk.co.wildpalm.JLProjectFeb17UITests;
				PRODUCT_NAME = "$(TARGET_NAME)";
				SWIFT_VERSION = 3.0;
				TEST_TARGET_NAME = JLProjectFeb17;
			};
			name = Release;
		};
/* End XCBuildConfiguration section */

/* Begin XCConfigurationList section */
		A6C9F2961E4DDCB600A067C8 /* Build configuration list for PBXProject "JLProjectFeb17" */ = {
			isa = XCConfigurationList;
			buildConfigurations = (
				A6C9F2C11E4DDCB600A067C8 /* Debug */,
				A6C9F2C21E4DDCB600A067C8 /* Release */,
			);
			defaultConfigurationIsVisible = 0;
			defaultConfigurationName = Release;
		};
		A6C9F2C31E4DDCB600A067C8 /* Build configuration list for PBXNativeTarget "JLProjectFeb17" */ = {
			isa = XCConfigurationList;
			buildConfigurations = (
				A6C9F2C41E4DDCB600A067C8 /* Debug */,
				A6C9F2C51E4DDCB600A067C8 /* Release */,
			);
			defaultConfigurationIsVisible = 0;
			defaultConfigurationName = Release;
		};
		A6C9F2C61E4DDCB600A067C8 /* Build configuration list for PBXNativeTarget "JLProjectFeb17Tests" */ = {
			isa = XCConfigurationList;
			buildConfigurations = (
				A6C9F2C71E4DDCB600A067C8 /* Debug */,
				A6C9F2C81E4DDCB600A067C8 /* Release */,
			);
			defaultConfigurationIsVisible = 0;
			defaultConfigurationName = Release;
		};
		A6C9F2C91E4DDCB600A067C8 /* Build configuration list for PBXNativeTarget "JLProjectFeb17UITests" */ = {
			isa = XCConfigurationList;
			buildConfigurations = (
				A6C9F2CA1E4DDCB600A067C8 /* Debug */,
				A6C9F2CB1E4DDCB600A067C8 /* Release */,
			);
			defaultConfigurationIsVisible = 0;
			defaultConfigurationName = Release;
		};
/* End XCConfigurationList section */
	};
	rootObject = A6C9F2931E4DDCB600A067C8 /* Project object */;
}
